
Microsoft Visual Studio Solution File, Format Version 12.00
# Visual Studio Version 17
VisualStudioVersion = 17.6.33723.286
MinimumVisualStudioVersion = 10.0.40219.1
Project("{FAE04EC0-301F-11D3-BF4B-00C04F79EFBC}") = "Dhara_Bosmiya_8866250_Assignment4", "Dhara_Bosmiya_8866250_Assignment4.csproj", "{06844EA8-FF18-4BD2-8BA7-189439EB9396}"
EndProject
Global
	GlobalSection(SolutionConfigurationPlatforms) = preSolution
		Debug|Any CPU = Debug|Any CPU
		Release|Any CPU = Release|Any CPU
	EndGlobalSection
	GlobalSection(ProjectConfigurationPlatforms) = postSolution
		{06844EA8-FF18-4BD2-8BA7-189439EB9396}.Debug|Any CPU.ActiveCfg = Debug|Any CPU
		{06844EA8-FF18-4BD2-8BA7-189439EB9396}.Debug|Any CPU.Build.0 = Debug|Any CPU
		{06844EA8-FF18-4BD2-8BA7-189439EB9396}.Release|Any CPU.ActiveCfg = Release|Any CPU
		{06844EA8-FF18-4BD2-8BA7-189439EB9396}.Release|Any CPU.Build.0 = Release|Any CPU
	EndGlobalSection
	GlobalSection(SolutionProperties) = preSolution
		HideSolutionNode = FALSE
	EndGlobalSection
	GlobalSection(ExtensibilityGlobals) = postSolution
		SolutionGuid = {ED0C5002-DC51-4D50-9128-F70C5146B6E6}
	EndGlobalSection
EndGlobal
